// !$*UTF8*$!
{
	archiveVersion = 1;
	classes = {
	};
	objectVersion = 55;
	objects = {

/* Begin PBXBuildFile section */
		6EFA01B7281944A8005B9A47 /* ChatAppApp.swift in Sources */ = {isa = PBXBuildFile; fileRef = 6EFA01B6281944A8005B9A47 /* ChatAppApp.swift */; };
		6EFA01B9281944A8005B9A47 /* ContentView.swift in Sources */ = {isa = PBXBuildFile; fileRef = 6EFA01B8281944A8005B9A47 /* ContentView.swift */; };
		6EFA01BB281944AA005B9A47 /* Assets.xcassets in Resources */ = {isa = PBXBuildFile; fileRef = 6EFA01BA281944AA005B9A47 /* Assets.xcassets */; };
		6EFA01BE281944AA005B9A47 /* Preview Assets.xcassets in Resources */ = {isa = PBXBuildFile; fileRef = 6EFA01BD281944AA005B9A47 /* Preview Assets.xcassets */; };
		6EFA01C6281947D4005B9A47 /* TitleRow.swift in Sources */ = {isa = PBXBuildFile; fileRef = 6EFA01C5281947D4005B9A47 /* TitleRow.swift */; };
		6EFA01C928194D8A005B9A47 /* Message.swift in Sources */ = {isa = PBXBuildFile; fileRef = 6EFA01C828194D8A005B9A47 /* Message.swift */; };
		6EFA01CB28194E1D005B9A47 /* MessageBubble.swift in Sources */ = {isa = PBXBuildFile; fileRef = 6EFA01CA28194E1D005B9A47 /* MessageBubble.swift */; };
		6EFA01CD28195235005B9A47 /* View+.swift in Sources */ = {isa = PBXBuildFile; fileRef = 6EFA01CC28195235005B9A47 /* View+.swift */; };
		6EFA01D028197EFF005B9A47 /* MessageField.swift in Sources */ = {isa = PBXBuildFile; fileRef = 6EFA01CF28197EFF005B9A47 /* MessageField.swift */; };
		6EFA01D228198265005B9A47 /* GoogleService-Info.plist in Resources */ = {isa = PBXBuildFile; fileRef = 6EFA01D128198265005B9A47 /* GoogleService-Info.plist */; };
		6EFA01D52819837C005B9A47 /* FirebaseFirestore in Frameworks */ = {isa = PBXBuildFile; productRef = 6EFA01D42819837C005B9A47 /* FirebaseFirestore */; };
		6EFA01D72819837C005B9A47 /* FirebaseFirestoreSwift-Beta in Frameworks */ = {isa = PBXBuildFile; productRef = 6EFA01D62819837C005B9A47 /* FirebaseFirestoreSwift-Beta */; };
		6EFA01DB281986D3005B9A47 /* MessagesManager.swift in Sources */ = {isa = PBXBuildFile; fileRef = 6EFA01DA281986D3005B9A47 /* MessagesManager.swift */; };
/* End PBXBuildFile section */

/* Begin PBXFileReference section */
		6EFA01B3281944A8005B9A47 /* ChatApp.app */ = {isa = PBXFileReference; explicitFileType = wrapper.application; includeInIndex = 0; path = ChatApp.app; sourceTree = BUILT_PRODUCTS_DIR; };
		6EFA01B6281944A8005B9A47 /* ChatAppApp.swift */ = {isa = PBXFileReference; lastKnownFileType = sourcecode.swift; path = ChatAppApp.swift; sourceTree = "<group>"; };
		6EFA01B8281944A8005B9A47 /* ContentView.swift */ = {isa = PBXFileReference; lastKnownFileType = sourcecode.swift; path = ContentView.swift; sourceTree = "<group>"; };
		6EFA01BA281944AA005B9A47 /* Assets.xcassets */ = {isa = PBXFileReference; lastKnownFileType = folder.assetcatalog; path = Assets.xcassets; sourceTree = "<group>"; };
		6EFA01BD281944AA005B9A47 /* Preview Assets.xcassets */ = {isa = PBXFileReference; lastKnownFileType = folder.assetcatalog; path = "Preview Assets.xcassets"; sourceTree = "<group>"; };
		6EFA01C5281947D4005B9A47 /* TitleRow.swift */ = {isa = PBXFileReference; lastKnownFileType = sourcecode.swift; path = TitleRow.swift; sourceTree = "<group>"; };
		6EFA01C828194D8A005B9A47 /* Message.swift */ = {isa = PBXFileReference; lastKnownFileType = sourcecode.swift; path = Message.swift; sourceTree = "<group>"; };
		6EFA01CA28194E1D005B9A47 /* MessageBubble.swift */ = {isa = PBXFileReference; lastKnownFileType = sourcecode.swift; path = MessageBubble.swift; sourceTree = "<group>"; };
		6EFA01CC28195235005B9A47 /* View+.swift */ = {isa = PBXFileReference; lastKnownFileType = sourcecode.swift; path = "View+.swift"; sourceTree = "<group>"; };
		6EFA01CF28197EFF005B9A47 /* MessageField.swift */ = {isa = PBXFileReference; lastKnownFileType = sourcecode.swift; path = MessageField.swift; sourceTree = "<group>"; };
		6EFA01D128198265005B9A47 /* GoogleService-Info.plist */ = {isa = PBXFileReference; fileEncoding = 4; lastKnownFileType = text.plist.xml; path = "GoogleService-Info.plist"; sourceTree = "<group>"; };
		6EFA01DA281986D3005B9A47 /* MessagesManager.swift */ = {isa = PBXFileReference; lastKnownFileType = sourcecode.swift; path = MessagesManager.swift; sourceTree = "<group>"; };
/* End PBXFileReference section */

/* Begin PBXFrameworksBuildPhase section */
		6EFA01B0281944A8005B9A47 /* Frameworks */ = {
			isa = PBXFrameworksBuildPhase;
			buildActionMask = 2147483647;
			files = (
				6EFA01D52819837C005B9A47 /* FirebaseFirestore in Frameworks */,
				6EFA01D72819837C005B9A47 /* FirebaseFirestoreSwift-Beta in Frameworks */,
			);
			runOnlyForDeploymentPostprocessing = 0;
		};
/* End PBXFrameworksBuildPhase section */

/* Begin PBXGroup section */
		6EFA01AA281944A8005B9A47 = {
			isa = PBXGroup;
			children = (
				6EFA01B5281944A8005B9A47 /* ChatApp */,
				6EFA01B4281944A8005B9A47 /* Products */,
			);
			sourceTree = "<group>";
		};
		6EFA01B4281944A8005B9A47 /* Products */ = {
			isa = PBXGroup;
			children = (
				6EFA01B3281944A8005B9A47 /* ChatApp.app */,
			);
			name = Products;
			sourceTree = "<group>";
		};
		6EFA01B5281944A8005B9A47 /* ChatApp */ = {
			isa = PBXGroup;
			children = (
				6EFA01D128198265005B9A47 /* GoogleService-Info.plist */,
				6EFA01B6281944A8005B9A47 /* ChatAppApp.swift */,
				6EFA01B8281944A8005B9A47 /* ContentView.swift */,
				6EFA01C4281947AA005B9A47 /* Component */,
				6EFA01C728194D68005B9A47 /* Models */,
				6EFA01BA281944AA005B9A47 /* Assets.xcassets */,
				6EFA01BC281944AA005B9A47 /* Preview Content */,
				6EFA01CE2819523C005B9A47 /* Extension */,
				6EFA01DA281986D3005B9A47 /* MessagesManager.swift */,
			);
			path = ChatApp;
			sourceTree = "<group>";
		};
		6EFA01BC281944AA005B9A47 /* Preview Content */ = {
			isa = PBXGroup;
			children = (
				6EFA01BD281944AA005B9A47 /* Preview Assets.xcassets */,
			);
			path = "Preview Content";
			sourceTree = "<group>";
		};
		6EFA01C4281947AA005B9A47 /* Component */ = {
			isa = PBXGroup;
			children = (
				6EFA01C5281947D4005B9A47 /* TitleRow.swift */,
				6EFA01CA28194E1D005B9A47 /* MessageBubble.swift */,
				6EFA01CF28197EFF005B9A47 /* MessageField.swift */,
			);
			path = Component;
			sourceTree = "<group>";
		};
		6EFA01C728194D68005B9A47 /* Models */ = {
			isa = PBXGroup;
			children = (
				6EFA01C828194D8A005B9A47 /* Message.swift */,
			);
			path = Models;
			sourceTree = "<group>";
		};
		6EFA01CE2819523C005B9A47 /* Extension */ = {
			isa = PBXGroup;
			children = (
				6EFA01CC28195235005B9A47 /* View+.swift */,
			);
			path = Extension;
			sourceTree = "<group>";
		};
/* End PBXGroup section */

/* Begin PBXNativeTarget section */
		6EFA01B2281944A8005B9A47 /* ChatApp */ = {
			isa = PBXNativeTarget;
			buildConfigurationList = 6EFA01C1281944AA005B9A47 /* Build configuration list for PBXNativeTarget "ChatApp" */;
			buildPhases = (
				6EFA01AF281944A8005B9A47 /* Sources */,
				6EFA01B0281944A8005B9A47 /* Frameworks */,
				6EFA01B1281944A8005B9A47 /* Resources */,
			);
			buildRules = (
			);
			dependencies = (
			);
			name = ChatApp;
			packageProductDependencies = (
				6EFA01D42819837C005B9A47 /* FirebaseFirestore */,
				6EFA01D62819837C005B9A47 /* FirebaseFirestoreSwift-Beta */,
			);
			productName = ChatApp;
			productReference = 6EFA01B3281944A8005B9A47 /* ChatApp.app */;
			productType = "com.apple.product-type.application";
		};
/* End PBXNativeTarget section */

/* Begin PBXProject section */
		6EFA01AB281944A8005B9A47 /* Project object */ = {
			isa = PBXProject;
			attributes = {
				BuildIndependentTargetsInParallel = 1;
				LastSwiftUpdateCheck = 1330;
				LastUpgradeCheck = 1330;
				TargetAttributes = {
					6EFA01B2281944A8005B9A47 = {
						CreatedOnToolsVersion = 13.3.1;
					};
				};
			};
			buildConfigurationList = 6EFA01AE281944A8005B9A47 /* Build configuration list for PBXProject "ChatApp" */;
			compatibilityVersion = "Xcode 13.0";
			developmentRegion = en;
			hasScannedForEncodings = 0;
			knownRegions = (
				en,
				Base,
			);
			mainGroup = 6EFA01AA281944A8005B9A47;
			packageReferences = (
				6EFA01D32819837C005B9A47 /* XCRemoteSwiftPackageReference "firebase-ios-sdk" */,
			);
			productRefGroup = 6EFA01B4281944A8005B9A47 /* Products */;
			projectDirPath = "";
			projectRoot = "";
			targets = (
				6EFA01B2281944A8005B9A47 /* ChatApp */,
			);
		};
/* End PBXProject section */

/* Begin PBXResourcesBuildPhase section */
		6EFA01B1281944A8005B9A47 /* Resources */ = {
			isa = PBXResourcesBuildPhase;
			buildActionMask = 2147483647;
			files = (
				6EFA01BE281944AA005B9A47 /* Preview Assets.xcassets in Resources */,
				6EFA01BB281944AA005B9A47 /* Assets.xcassets in Resources */,
				6EFA01D228198265005B9A47 /* GoogleService-Info.plist in Resources */,
			);
			runOnlyForDeploymentPostprocessing = 0;
		};
/* End PBXResourcesBuildPhase section */

/* Begin PBXSourcesBuildPhase section */
		6EFA01AF281944A8005B9A47 /* Sources */ = {
			isa = PBXSourcesBuildPhase;
			buildActionMask = 2147483647;
			files = (
				6EFA01B9281944A8005B9A47 /* ContentView.swift in Sources */,
				6EFA01C928194D8A005B9A47 /* Message.swift in Sources */,
				6EFA01CB28194E1D005B9A47 /* MessageBubble.swift in Sources */,
				6EFA01DB281986D3005B9A47 /* MessagesManager.swift in Sources */,
				6EFA01D028197EFF005B9A47 /* MessageField.swift in Sources */,
				6EFA01B7281944A8005B9A47 /* ChatAppApp.swift in Sources */,
				6EFA01CD28195235005B9A47 /* View+.swift in Sources */,
				6EFA01C6281947D4005B9A47 /* TitleRow.swift in Sources */,
			);
			runOnlyForDeploymentPostprocessing = 0;
		};
/* End PBXSourcesBuildPhase section */

/* Begin XCBuildConfiguration section */
		6EFA01BF281944AA005B9A47 /* Debug */ = {
			isa = XCBuildConfiguration;
			buildSettings = {
				ALWAYS_SEARCH_USER_PATHS = NO;
				CLANG_ANALYZER_NONNULL = YES;
				CLANG_ANALYZER_NUMBER_OBJECT_CONVERSION = YES_AGGRESSIVE;
				CLANG_CXX_LANGUAGE_STANDARD = "gnu++17";
				CLANG_ENABLE_MODULES = YES;
				CLANG_ENABLE_OBJC_ARC = YES;
				CLANG_ENABLE_OBJC_WEAK = YES;
				CLANG_WARN_BLOCK_CAPTURE_AUTORELEASING = YES;
				CLANG_WARN_BOOL_CONVERSION = YES;
				CLANG_WARN_COMMA = YES;
				CLANG_WARN_CONSTANT_CONVERSION = YES;
				CLANG_WARN_DEPRECATED_OBJC_IMPLEMENTATIONS = YES;
				CLANG_WARN_DIRECT_OBJC_ISA_USAGE = YES_ERROR;
				CLANG_WARN_DOCUMENTATION_COMMENTS = YES;
				CLANG_WARN_EMPTY_BODY = YES;
				CLANG_WARN_ENUM_CONVERSION = YES;
				CLANG_WARN_INFINITE_RECURSION = YES;
				CLANG_WARN_INT_CONVERSION = YES;
				CLANG_WARN_NON_LITERAL_NULL_CONVERSION = YES;
				CLANG_WARN_OBJC_IMPLICIT_RETAIN_SELF = YES;
				CLANG_WARN_OBJC_LITERAL_CONVERSION = YES;
				CLANG_WARN_OBJC_ROOT_CLASS = YES_ERROR;
				CLANG_WARN_QUOTED_INCLUDE_IN_FRAMEWORK_HEADER = YES;
				CLANG_WARN_RANGE_LOOP_ANALYSIS = YES;
				CLANG_WARN_STRICT_PROTOTYPES = YES;
				CLANG_WARN_SUSPICIOUS_MOVE = YES;
				CLANG_WARN_UNGUARDED_AVAILABILITY = YES_AGGRESSIVE;
				CLANG_WARN_UNREACHABLE_CODE = YES;
				CLANG_WARN__DUPLICATE_METHOD_MATCH = YES;
				COPY_PHASE_STRIP = NO;
				DEBUG_INFORMATION_FORMAT = dwarf;
				ENABLE_STRICT_OBJC_MSGSEND = YES;
				ENABLE_TESTABILITY = YES;
				GCC_C_LANGUAGE_STANDARD = gnu11;
				GCC_DYNAMIC_NO_PIC = NO;
				GCC_NO_COMMON_BLOCKS = YES;
				GCC_OPTIMIZATION_LEVEL = 0;
				GCC_PREPROCESSOR_DEFINITIONS = (
					"DEBUG=1",
					"$(inherited)",
				);
				GCC_WARN_64_TO_32_BIT_CONVERSION = YES;
				GCC_WARN_ABOUT_RETURN_TYPE = YES_ERROR;
				GCC_WARN_UNDECLARED_SELECTOR = YES;
				GCC_WARN_UNINITIALIZED_AUTOS = YES_AGGRESSIVE;
				GCC_WARN_UNUSED_FUNCTION = YES;
				GCC_WARN_UNUSED_VARIABLE = YES;
				IPHONEOS_DEPLOYMENT_TARGET = 15.4;
				MTL_ENABLE_DEBUG_INFO = INCLUDE_SOURCE;
				MTL_FAST_MATH = YES;
				ONLY_ACTIVE_ARCH = YES;
				SDKROOT = iphoneos;
				SWIFT_ACTIVE_COMPILATION_CONDITIONS = DEBUG;
				SWIFT_OPTIMIZATION_LEVEL = "-Onone";
			};
			name = Debug;
		};
		6EFA01C0281944AA005B9A47 /* Release */ = {
			isa = XCBuildConfiguration;
			buildSettings = {
				ALWAYS_SEARCH_USER_PATHS = NO;
				CLANG_ANALYZER_NONNULL = YES;
				CLANG_ANALYZER_NUMBER_OBJECT_CONVERSION = YES_AGGRESSIVE;
				CLANG_CXX_LANGUAGE_STANDARD = "gnu++17";
				CLANG_ENABLE_MODULES = YES;
				CLANG_ENABLE_OBJC_ARC = YES;
				CLANG_ENABLE_OBJC_WEAK = YES;
				CLANG_WARN_BLOCK_CAPTURE_AUTORELEASING = YES;
				CLANG_WARN_BOOL_CONVERSION = YES;
				CLANG_WARN_COMMA = YES;
				CLANG_WARN_CONSTANT_CONVERSION = YES;
				CLANG_WARN_DEPRECATED_OBJC_IMPLEMENTATIONS = YES;
				CLANG_WARN_DIRECT_OBJC_ISA_USAGE = YES_ERROR;
				CLANG_WARN_DOCUMENTATION_COMMENTS = YES;
				CLANG_WARN_EMPTY_BODY = YES;
				CLANG_WARN_ENUM_CONVERSION = YES;
				CLANG_WARN_INFINITE_RECURSION = YES;
				CLANG_WARN_INT_CONVERSION = YES;
				CLANG_WARN_NON_LITERAL_NULL_CONVERSION = YES;
				CLANG_WARN_OBJC_IMPLICIT_RETAIN_SELF = YES;
				CLANG_WARN_OBJC_LITERAL_CONVERSION = YES;
				CLANG_WARN_OBJC_ROOT_CLASS = YES_ERROR;
				CLANG_WARN_QUOTED_INCLUDE_IN_FRAMEWORK_HEADER = YES;
				CLANG_WARN_RANGE_LOOP_ANALYSIS = YES;
				CLANG_WARN_STRICT_PROTOTYPES = YES;
				CLANG_WARN_SUSPICIOUS_MOVE = YES;
				CLANG_WARN_UNGUARDED_AVAILABILITY = YES_AGGRESSIVE;
				CLANG_WARN_UNREACHABLE_CODE = YES;
				CLANG_WARN__DUPLICATE_METHOD_MATCH = YES;
				COPY_PHASE_STRIP = NO;
				DEBUG_INFORMATION_FORMAT = "dwarf-with-dsym";
				ENABLE_NS_ASSERTIONS = NO;
				ENABLE_STRICT_OBJC_MSGSEND = YES;
				GCC_C_LANGUAGE_STANDARD = gnu11;
				GCC_NO_COMMON_BLOCKS = YES;
				GCC_WARN_64_TO_32_BIT_CONVERSION = YES;
				GCC_WARN_ABOUT_RETURN_TYPE = YES_ERROR;
				GCC_WARN_UNDECLARED_SELECTOR = YES;
				GCC_WARN_UNINITIALIZED_AUTOS = YES_AGGRESSIVE;
				GCC_WARN_UNUSED_FUNCTION = YES;
				GCC_WARN_UNUSED_VARIABLE = YES;
				IPHONEOS_DEPLOYMENT_TARGET = 15.4;
				MTL_ENABLE_DEBUG_INFO = NO;
				MTL_FAST_MATH = YES;
				SDKROOT = iphoneos;
				SWIFT_COMPILATION_MODE = wholemodule;
				SWIFT_OPTIMIZATION_LEVEL = "-O";
				VALIDATE_PRODUCT = YES;
			};
			name = Release;
		};
		6EFA01C2281944AA005B9A47 /* Debug */ = {
			isa = XCBuildConfiguration;
			buildSettings = {
				ASSETCATALOG_COMPILER_APPICON_NAME = AppIcon;
				ASSETCATALOG_COMPILER_GLOBAL_ACCENT_COLOR_NAME = AccentColor;
				CODE_SIGN_STYLE = Automatic;
				CURRENT_PROJECT_VERSION = 1;
				DEVELOPMENT_ASSET_PATHS = "\"ChatApp/Preview Content\"";
				DEVELOPMENT_TEAM = 9P5MGPPGZ2;
				ENABLE_PREVIEWS = YES;
				GENERATE_INFOPLIST_FILE = YES;
				INFOPLIST_KEY_UIApplicationSceneManifest_Generation = YES;
				INFOPLIST_KEY_UIApplicationSupportsIndirectInputEvents = YES;
				INFOPLIST_KEY_UILaunchScreen_Generation = YES;
				INFOPLIST_KEY_UISupportedInterfaceOrientations_iPad = "UIInterfaceOrientationPortrait UIInterfaceOrientationPortraitUpsideDown UIInterfaceOrientationLandscapeLeft UIInterfaceOrientationLandscapeRight";
				INFOPLIST_KEY_UISupportedInterfaceOrientations_iPhone = "UIInterfaceOrientationPortrait UIInterfaceOrientationLandscapeLeft UIInterfaceOrientationLandscapeRight";
				LD_RUNPATH_SEARCH_PATHS = (
					"$(inherited)",
					"@executable_path/Frameworks",
				);
				MARKETING_VERSION = 1.0;
				PRODUCT_BUNDLE_IDENTIFIER = com.sarika.ChatApp;
				PRODUCT_NAME = "$(TARGET_NAME)";
				SWIFT_EMIT_LOC_STRINGS = YES;
				SWIFT_VERSION = 5.0;
				TARGETED_DEVICE_FAMILY = "1,2";
			};
			name = Debug;
		};
		6EFA01C3281944AA005B9A47 /* Release */ = {
			isa = XCBuildConfiguration;
			buildSettings = {
				ASSETCATALOG_COMPILER_APPICON_NAME = AppIcon;
				ASSETCATALOG_COMPILER_GLOBAL_ACCENT_COLOR_NAME = AccentColor;
				CODE_SIGN_STYLE = Automatic;
				CURRENT_PROJECT_VERSION = 1;
				DEVELOPMENT_ASSET_PATHS = "\"ChatApp/Preview Content\"";
				DEVELOPMENT_TEAM = 9P5MGPPGZ2;
				ENABLE_PREVIEWS = YES;
				GENERATE_INFOPLIST_FILE = YES;
				INFOPLIST_KEY_UIApplicationSceneManifest_Generation = YES;
				INFOPLIST_KEY_UIApplicationSupportsIndirectInputEvents = YES;
				INFOPLIST_KEY_UILaunchScreen_Generation = YES;
				INFOPLIST_KEY_UISupportedInterfaceOrientations_iPad = "UIInterfaceOrientationPortrait UIInterfaceOrientationPortraitUpsideDown UIInterfaceOrientationLandscapeLeft UIInterfaceOrientationLandscapeRight";
				INFOPLIST_KEY_UISupportedInterfaceOrientations_iPhone = "UIInterfaceOrientationPortrait UIInterfaceOrientationLandscapeLeft UIInterfaceOrientationLandscapeRight";
				LD_RUNPATH_SEARCH_PATHS = (
					"$(inherited)",
					"@executable_path/Frameworks",
				);
				MARKETING_VERSION = 1.0;
				PRODUCT_BUNDLE_IDENTIFIER = com.sarika.ChatApp;
				PRODUCT_NAME = "$(TARGET_NAME)";
				SWIFT_EMIT_LOC_STRINGS = YES;
				SWIFT_VERSION = 5.0;
				TARGETED_DEVICE_FAMILY = "1,2";
			};
			name = Release;
		};
/* End XCBuildConfiguration section */

/* Begin XCConfigurationList section */
		6EFA01AE281944A8005B9A47 /* Build configuration list for PBXProject "ChatApp" */ = {
			isa = XCConfigurationList;
			buildConfigurations = (
				6EFA01BF281944AA005B9A47 /* Debug */,
				6EFA01C0281944AA005B9A47 /* Release */,
			);
			defaultConfigurationIsVisible = 0;
			defaultConfigurationName = Release;
		};
		6EFA01C1281944AA005B9A47 /* Build configuration list for PBXNativeTarget "ChatApp" */ = {
			isa = XCConfigurationList;
			buildConfigurations = (
				6EFA01C2281944AA005B9A47 /* Debug */,
				6EFA01C3281944AA005B9A47 /* Release */,
			);
			defaultConfigurationIsVisible = 0;
			defaultConfigurationName = Release;
		};
/* End XCConfigurationList section */

/* Begin XCRemoteSwiftPackageReference section */
		6EFA01D32819837C005B9A47 /* XCRemoteSwiftPackageReference "firebase-ios-sdk" */ = {
			isa = XCRemoteSwiftPackageReference;
			repositoryURL = "https://github.com/firebase/firebase-ios-sdk";
			requirement = {
				kind = upToNextMajorVersion;
				minimumVersion = 8.0.0;
			};
		};
/* End XCRemoteSwiftPackageReference section */

/* Begin XCSwiftPackageProductDependency section */
		6EFA01D42819837C005B9A47 /* FirebaseFirestore */ = {
			isa = XCSwiftPackageProductDependency;
			package = 6EFA01D32819837C005B9A47 /* XCRemoteSwiftPackageReference "firebase-ios-sdk" */;
			productName = FirebaseFirestore;
		};
		6EFA01D62819837C005B9A47 /* FirebaseFirestoreSwift-Beta */ = {
			isa = XCSwiftPackageProductDependency;
			package = 6EFA01D32819837C005B9A47 /* XCRemoteSwiftPackageReference "firebase-ios-sdk" */;
			productName = "FirebaseFirestoreSwift-Beta";
		};
/* End XCSwiftPackageProductDependency section */
	};
	rootObject = 6EFA01AB281944A8005B9A47 /* Project object */;
}
